
Microsoft Visual Studio Solution File, Format Version 12.00
# Visual Studio 2013
VisualStudioVersion = 12.0.31101.0
MinimumVisualStudioVersion = 10.0.40219.1
Project("{FAE04EC0-301F-11D3-BF4B-00C04F79EFBC}") = "KKogut.Algorithms", "KKogut.Algorithms\KKogut.Algorithms.csproj", "{74857CBF-7C3C-42EA-B31A-B37B835057D4}"
EndProject
Project("{FAE04EC0-301F-11D3-BF4B-00C04F79EFBC}") = "KKogut.Algorithms.Tests", "KKogut.Algorithms.Tests\KKogut.Algorithms.Tests.csproj", "{43A0A4B3-99ED-4EF3-94BF-CABAA6D0C6C4}"
EndProject
Project("{FAE04EC0-301F-11D3-BF4B-00C04F79EFBC}") = "KKogut.SortAlgorithms", "KKogut.SortAlgorithms\KKogut.SortAlgorithms.csproj", "{863940B3-8C4F-49DD-9AAC-9B990C410B1F}"
EndProject
Project("{FAE04EC0-301F-11D3-BF4B-00C04F79EFBC}") = "KKogut.FibonacciSequenceUsingMatrix", "KKogut.FibonacciSequenceUsingMatrix\KKogut.FibonacciSequenceUsingMatrix.csproj", "{4618662F-0E78-41A1-B0EC-9C0ABB683FE7}"
EndProject
Project("{FAE04EC0-301F-11D3-BF4B-00C04F79EFBC}") = "KKogut.PriorityQueue", "KKogut.PriorityQueue\KKogut.PriorityQueue.csproj", "{761A0BE0-1969-458C-82A6-354625FA7554}"
EndProject
Project("{2150E333-8FDC-42A3-9474-1A3956D46DE8}") = "Solution Items", "Solution Items", "{A7C7215A-02DF-455E-A336-510D9068C3EC}"
	ProjectSection(SolutionItems) = preProject
		..\README.md = ..\README.md
	EndProjectSection
EndProject
Project("{FAE04EC0-301F-11D3-BF4B-00C04F79EFBC}") = "KKogut.ChangeProblem", "KKogut.ChangeProblem\KKogut.ChangeProblem.csproj", "{A5A38C86-AF98-40F9-AE71-2250783B3368}"
EndProject
Project("{FAE04EC0-301F-11D3-BF4B-00C04F79EFBC}") = "KKogut.MultiplicationAlgorithms", "KKogut.MultiplicationAlgorithms\KKogut.MultiplicationAlgorithms.csproj", "{530087C5-BB1B-4433-BD12-067355C7A51D}"
EndProject
Project("{FAE04EC0-301F-11D3-BF4B-00C04F79EFBC}") = "KKogut.GraphAlgorithms", "KKogut.GraphAlgorithms\KKogut.GraphAlgorithms.csproj", "{675A6E18-88B6-4F83-81C6-043E4783CB0D}"
EndProject
Project("{FAE04EC0-301F-11D3-BF4B-00C04F79EFBC}") = "KKogut.LongestCommonSubsequence", "KKogut.LongestCommonSubsequence\KKogut.LongestCommonSubsequence.csproj", "{2C22DBCD-E0BB-4469-80E9-E554D6F463F9}"
EndProject
Global
	GlobalSection(SolutionConfigurationPlatforms) = preSolution
		Debug|Any CPU = Debug|Any CPU
		Release|Any CPU = Release|Any CPU
	EndGlobalSection
	GlobalSection(ProjectConfigurationPlatforms) = postSolution
		{74857CBF-7C3C-42EA-B31A-B37B835057D4}.Debug|Any CPU.ActiveCfg = Debug|Any CPU
		{74857CBF-7C3C-42EA-B31A-B37B835057D4}.Debug|Any CPU.Build.0 = Debug|Any CPU
		{74857CBF-7C3C-42EA-B31A-B37B835057D4}.Release|Any CPU.ActiveCfg = Release|Any CPU
		{74857CBF-7C3C-42EA-B31A-B37B835057D4}.Release|Any CPU.Build.0 = Release|Any CPU
		{43A0A4B3-99ED-4EF3-94BF-CABAA6D0C6C4}.Debug|Any CPU.ActiveCfg = Debug|Any CPU
		{43A0A4B3-99ED-4EF3-94BF-CABAA6D0C6C4}.Debug|Any CPU.Build.0 = Debug|Any CPU
		{43A0A4B3-99ED-4EF3-94BF-CABAA6D0C6C4}.Release|Any CPU.ActiveCfg = Release|Any CPU
		{43A0A4B3-99ED-4EF3-94BF-CABAA6D0C6C4}.Release|Any CPU.Build.0 = Release|Any CPU
		{863940B3-8C4F-49DD-9AAC-9B990C410B1F}.Debug|Any CPU.ActiveCfg = Debug|Any CPU
		{863940B3-8C4F-49DD-9AAC-9B990C410B1F}.Debug|Any CPU.Build.0 = Debug|Any CPU
		{863940B3-8C4F-49DD-9AAC-9B990C410B1F}.Release|Any CPU.ActiveCfg = Release|Any CPU
		{863940B3-8C4F-49DD-9AAC-9B990C410B1F}.Release|Any CPU.Build.0 = Release|Any CPU
		{4618662F-0E78-41A1-B0EC-9C0ABB683FE7}.Debug|Any CPU.ActiveCfg = Debug|Any CPU
		{4618662F-0E78-41A1-B0EC-9C0ABB683FE7}.Debug|Any CPU.Build.0 = Debug|Any CPU
		{4618662F-0E78-41A1-B0EC-9C0ABB683FE7}.Release|Any CPU.ActiveCfg = Release|Any CPU
		{4618662F-0E78-41A1-B0EC-9C0ABB683FE7}.Release|Any CPU.Build.0 = Release|Any CPU
		{761A0BE0-1969-458C-82A6-354625FA7554}.Debug|Any CPU.ActiveCfg = Debug|Any CPU
		{761A0BE0-1969-458C-82A6-354625FA7554}.Debug|Any CPU.Build.0 = Debug|Any CPU
		{761A0BE0-1969-458C-82A6-354625FA7554}.Release|Any CPU.ActiveCfg = Release|Any CPU
		{761A0BE0-1969-458C-82A6-354625FA7554}.Release|Any CPU.Build.0 = Release|Any CPU
		{A5A38C86-AF98-40F9-AE71-2250783B3368}.Debug|Any CPU.ActiveCfg = Debug|Any CPU
		{A5A38C86-AF98-40F9-AE71-2250783B3368}.Debug|Any CPU.Build.0 = Debug|Any CPU
		{A5A38C86-AF98-40F9-AE71-2250783B3368}.Release|Any CPU.ActiveCfg = Release|Any CPU
		{A5A38C86-AF98-40F9-AE71-2250783B3368}.Release|Any CPU.Build.0 = Release|Any CPU
		{530087C5-BB1B-4433-BD12-067355C7A51D}.Debug|Any CPU.ActiveCfg = Debug|Any CPU
		{530087C5-BB1B-4433-BD12-067355C7A51D}.Debug|Any CPU.Build.0 = Debug|Any CPU
		{530087C5-BB1B-4433-BD12-067355C7A51D}.Release|Any CPU.ActiveCfg = Release|Any CPU
		{530087C5-BB1B-4433-BD12-067355C7A51D}.Release|Any CPU.Build.0 = Release|Any CPU
		{675A6E18-88B6-4F83-81C6-043E4783CB0D}.Debug|Any CPU.ActiveCfg = Debug|Any CPU
		{675A6E18-88B6-4F83-81C6-043E4783CB0D}.Debug|Any CPU.Build.0 = Debug|Any CPU
		{675A6E18-88B6-4F83-81C6-043E4783CB0D}.Release|Any CPU.ActiveCfg = Release|Any CPU
		{675A6E18-88B6-4F83-81C6-043E4783CB0D}.Release|Any CPU.Build.0 = Release|Any CPU
		{2C22DBCD-E0BB-4469-80E9-E554D6F463F9}.Debug|Any CPU.ActiveCfg = Debug|Any CPU
		{2C22DBCD-E0BB-4469-80E9-E554D6F463F9}.Debug|Any CPU.Build.0 = Debug|Any CPU
		{2C22DBCD-E0BB-4469-80E9-E554D6F463F9}.Release|Any CPU.ActiveCfg = Release|Any CPU
		{2C22DBCD-E0BB-4469-80E9-E554D6F463F9}.Release|Any CPU.Build.0 = Release|Any CPU
	EndGlobalSection
	GlobalSection(SolutionProperties) = preSolution
		HideSolutionNode = FALSE
	EndGlobalSection
EndGlobal
