
Microsoft Visual Studio Solution File, Format Version 12.00
# Visual Studio 2013
VisualStudioVersion = 12.0.31101.0
MinimumVisualStudioVersion = 10.0.40219.1
Project("{FAE04EC0-301F-11D3-BF4B-00C04F79EFBC}") = "KKogut.RussianMultiplication", "KKogut.RussianMultiplication\KKogut.RussianMultiplication.csproj", "{369F9B3C-5F3E-4648-B855-0178C9B51B77}"
EndProject
Project("{FAE04EC0-301F-11D3-BF4B-00C04F79EFBC}") = "KKogut.Algorithms", "KKogut.Algorithms\KKogut.Algorithms.csproj", "{74857CBF-7C3C-42EA-B31A-B37B835057D4}"
EndProject
Project("{FAE04EC0-301F-11D3-BF4B-00C04F79EFBC}") = "KKogut.Algorithms.Tests", "KKogut.Algorithms.Tests\KKogut.Algorithms.Tests.csproj", "{43A0A4B3-99ED-4EF3-94BF-CABAA6D0C6C4}"
EndProject
Project("{FAE04EC0-301F-11D3-BF4B-00C04F79EFBC}") = "KKogut.SortAlgorithms", "KKogut.SortAlgorithms\KKogut.SortAlgorithms.csproj", "{863940B3-8C4F-49DD-9AAC-9B990C410B1F}"
EndProject
Project("{FAE04EC0-301F-11D3-BF4B-00C04F79EFBC}") = "KKogut.FibonacciSequenceUsingMatrix", "KKogut.FibonacciSequenceUsingMatrix\KKogut.FibonacciSequenceUsingMatrix.csproj", "{4618662F-0E78-41A1-B0EC-9C0ABB683FE7}"
EndProject
Project("{FAE04EC0-301F-11D3-BF4B-00C04F79EFBC}") = "KKogut.DijkstrasAlgorithm", "KKogut.DijkstrasAlgorithm\KKogut.DijkstrasAlgorithm.csproj", "{DA0D793D-34B6-484F-9E69-4452076AA0B2}"
EndProject
Project("{FAE04EC0-301F-11D3-BF4B-00C04F79EFBC}") = "KKogut.FloydWarshallAlorithm", "KKogut.FloydWarshallAlorithm\KKogut.FloydWarshallAlorithm.csproj", "{A7F2534A-2372-477D-AC59-E681F5550C3F}"
EndProject
Project("{FAE04EC0-301F-11D3-BF4B-00C04F79EFBC}") = "KKogut.PriorityQueue", "KKogut.PriorityQueue\KKogut.PriorityQueue.csproj", "{761A0BE0-1969-458C-82A6-354625FA7554}"
EndProject
Project("{2150E333-8FDC-42A3-9474-1A3956D46DE8}") = "Solution Items", "Solution Items", "{A7C7215A-02DF-455E-A336-510D9068C3EC}"
	ProjectSection(SolutionItems) = preProject
		..\README.md = ..\README.md
	EndProjectSection
EndProject
Global
	GlobalSection(SolutionConfigurationPlatforms) = preSolution
		Debug|Any CPU = Debug|Any CPU
		Release|Any CPU = Release|Any CPU
	EndGlobalSection
	GlobalSection(ProjectConfigurationPlatforms) = postSolution
		{369F9B3C-5F3E-4648-B855-0178C9B51B77}.Debug|Any CPU.ActiveCfg = Debug|Any CPU
		{369F9B3C-5F3E-4648-B855-0178C9B51B77}.Debug|Any CPU.Build.0 = Debug|Any CPU
		{369F9B3C-5F3E-4648-B855-0178C9B51B77}.Release|Any CPU.ActiveCfg = Release|Any CPU
		{369F9B3C-5F3E-4648-B855-0178C9B51B77}.Release|Any CPU.Build.0 = Release|Any CPU
		{74857CBF-7C3C-42EA-B31A-B37B835057D4}.Debug|Any CPU.ActiveCfg = Debug|Any CPU
		{74857CBF-7C3C-42EA-B31A-B37B835057D4}.Debug|Any CPU.Build.0 = Debug|Any CPU
		{74857CBF-7C3C-42EA-B31A-B37B835057D4}.Release|Any CPU.ActiveCfg = Release|Any CPU
		{74857CBF-7C3C-42EA-B31A-B37B835057D4}.Release|Any CPU.Build.0 = Release|Any CPU
		{43A0A4B3-99ED-4EF3-94BF-CABAA6D0C6C4}.Debug|Any CPU.ActiveCfg = Debug|Any CPU
		{43A0A4B3-99ED-4EF3-94BF-CABAA6D0C6C4}.Debug|Any CPU.Build.0 = Debug|Any CPU
		{43A0A4B3-99ED-4EF3-94BF-CABAA6D0C6C4}.Release|Any CPU.ActiveCfg = Release|Any CPU
		{43A0A4B3-99ED-4EF3-94BF-CABAA6D0C6C4}.Release|Any CPU.Build.0 = Release|Any CPU
		{863940B3-8C4F-49DD-9AAC-9B990C410B1F}.Debug|Any CPU.ActiveCfg = Debug|Any CPU
		{863940B3-8C4F-49DD-9AAC-9B990C410B1F}.Debug|Any CPU.Build.0 = Debug|Any CPU
		{863940B3-8C4F-49DD-9AAC-9B990C410B1F}.Release|Any CPU.ActiveCfg = Release|Any CPU
		{863940B3-8C4F-49DD-9AAC-9B990C410B1F}.Release|Any CPU.Build.0 = Release|Any CPU
		{4618662F-0E78-41A1-B0EC-9C0ABB683FE7}.Debug|Any CPU.ActiveCfg = Debug|Any CPU
		{4618662F-0E78-41A1-B0EC-9C0ABB683FE7}.Debug|Any CPU.Build.0 = Debug|Any CPU
		{4618662F-0E78-41A1-B0EC-9C0ABB683FE7}.Release|Any CPU.ActiveCfg = Release|Any CPU
		{4618662F-0E78-41A1-B0EC-9C0ABB683FE7}.Release|Any CPU.Build.0 = Release|Any CPU
		{DA0D793D-34B6-484F-9E69-4452076AA0B2}.Debug|Any CPU.ActiveCfg = Debug|Any CPU
		{DA0D793D-34B6-484F-9E69-4452076AA0B2}.Debug|Any CPU.Build.0 = Debug|Any CPU
		{DA0D793D-34B6-484F-9E69-4452076AA0B2}.Release|Any CPU.ActiveCfg = Release|Any CPU
		{DA0D793D-34B6-484F-9E69-4452076AA0B2}.Release|Any CPU.Build.0 = Release|Any CPU
		{A7F2534A-2372-477D-AC59-E681F5550C3F}.Debug|Any CPU.ActiveCfg = Debug|Any CPU
		{A7F2534A-2372-477D-AC59-E681F5550C3F}.Debug|Any CPU.Build.0 = Debug|Any CPU
		{A7F2534A-2372-477D-AC59-E681F5550C3F}.Release|Any CPU.ActiveCfg = Release|Any CPU
		{A7F2534A-2372-477D-AC59-E681F5550C3F}.Release|Any CPU.Build.0 = Release|Any CPU
		{761A0BE0-1969-458C-82A6-354625FA7554}.Debug|Any CPU.ActiveCfg = Debug|Any CPU
		{761A0BE0-1969-458C-82A6-354625FA7554}.Debug|Any CPU.Build.0 = Debug|Any CPU
		{761A0BE0-1969-458C-82A6-354625FA7554}.Release|Any CPU.ActiveCfg = Release|Any CPU
		{761A0BE0-1969-458C-82A6-354625FA7554}.Release|Any CPU.Build.0 = Release|Any CPU
	EndGlobalSection
	GlobalSection(SolutionProperties) = preSolution
		HideSolutionNode = FALSE
	EndGlobalSection
EndGlobal
